// !$*UTF8*$!
{
	archiveVersion = 1;
	classes = {
	};
	objectVersion = 56;
	objects = {

/* Begin PBXBuildFile section */
		206CC37A2B6DB51E002D0511 /* BerryApp.swift in Sources */ = {isa = PBXBuildFile; fileRef = 206CC3792B6DB51E002D0511 /* BerryApp.swift */; };
		206CC37C2B6DB51E002D0511 /* ContentView.swift in Sources */ = {isa = PBXBuildFile; fileRef = 206CC37B2B6DB51E002D0511 /* ContentView.swift */; };
		206CC37E2B6DB51F002D0511 /* Assets.xcassets in Resources */ = {isa = PBXBuildFile; fileRef = 206CC37D2B6DB51F002D0511 /* Assets.xcassets */; };
		206CC3822B6DB51F002D0511 /* Preview Assets.xcassets in Resources */ = {isa = PBXBuildFile; fileRef = 206CC3812B6DB51F002D0511 /* Preview Assets.xcassets */; };
		206CC38C2B6DB51F002D0511 /* BerryTests.swift in Sources */ = {isa = PBXBuildFile; fileRef = 206CC38B2B6DB51F002D0511 /* BerryTests.swift */; };
		206CC3962B6DB51F002D0511 /* BerryUITests.swift in Sources */ = {isa = PBXBuildFile; fileRef = 206CC3952B6DB51F002D0511 /* BerryUITests.swift */; };
		206CC3982B6DB51F002D0511 /* BerryUITestsLaunchTests.swift in Sources */ = {isa = PBXBuildFile; fileRef = 206CC3972B6DB51F002D0511 /* BerryUITestsLaunchTests.swift */; };
		206CC3A82B704222002D0511 /* TicketsListView.swift in Sources */ = {isa = PBXBuildFile; fileRef = 206CC3A72B704222002D0511 /* TicketsListView.swift */; };
		206CC3AB2B704838002D0511 /* ScannerView.swift in Sources */ = {isa = PBXBuildFile; fileRef = 206CC3AA2B704838002D0511 /* ScannerView.swift */; };
		206CC3AD2B704EE3002D0511 /* ScannerViewModel.swift in Sources */ = {isa = PBXBuildFile; fileRef = 206CC3AC2B704EE3002D0511 /* ScannerViewModel.swift */; };
		206CC3B02B7052CB002D0511 /* Ticket.swift in Sources */ = {isa = PBXBuildFile; fileRef = 206CC3AF2B7052CB002D0511 /* Ticket.swift */; };
		206CC3B62B70582A002D0511 /* TicketItems+Recognizer.swift in Sources */ = {isa = PBXBuildFile; fileRef = 206CC3B52B70582A002D0511 /* TicketItems+Recognizer.swift */; };
		206CC3B82B70639F002D0511 /* TicketItems.swift in Sources */ = {isa = PBXBuildFile; fileRef = 206CC3B72B70639F002D0511 /* TicketItems.swift */; };
		206CC3BA2B706462002D0511 /* TicketItems+Analyser.swift in Sources */ = {isa = PBXBuildFile; fileRef = 206CC3B92B706462002D0511 /* TicketItems+Analyser.swift */; };
		206CC3BD2B719798002D0511 /* ResultsView.swift in Sources */ = {isa = PBXBuildFile; fileRef = 206CC3BC2B719798002D0511 /* ResultsView.swift */; };
/* End PBXBuildFile section */

/* Begin PBXContainerItemProxy section */
		206CC3882B6DB51F002D0511 /* PBXContainerItemProxy */ = {
			isa = PBXContainerItemProxy;
			containerPortal = 206CC36E2B6DB51E002D0511 /* Project object */;
			proxyType = 1;
			remoteGlobalIDString = 206CC3752B6DB51E002D0511;
			remoteInfo = Berry;
		};
		206CC3922B6DB51F002D0511 /* PBXContainerItemProxy */ = {
			isa = PBXContainerItemProxy;
			containerPortal = 206CC36E2B6DB51E002D0511 /* Project object */;
			proxyType = 1;
			remoteGlobalIDString = 206CC3752B6DB51E002D0511;
			remoteInfo = Berry;
		};
/* End PBXContainerItemProxy section */

/* Begin PBXFileReference section */
		206CC3762B6DB51E002D0511 /* Berry.app */ = {isa = PBXFileReference; explicitFileType = wrapper.application; includeInIndex = 0; path = Berry.app; sourceTree = BUILT_PRODUCTS_DIR; };
		206CC3792B6DB51E002D0511 /* BerryApp.swift */ = {isa = PBXFileReference; lastKnownFileType = sourcecode.swift; path = BerryApp.swift; sourceTree = "<group>"; };
		206CC37B2B6DB51E002D0511 /* ContentView.swift */ = {isa = PBXFileReference; lastKnownFileType = sourcecode.swift; path = ContentView.swift; sourceTree = "<group>"; };
		206CC37D2B6DB51F002D0511 /* Assets.xcassets */ = {isa = PBXFileReference; lastKnownFileType = folder.assetcatalog; path = Assets.xcassets; sourceTree = "<group>"; };
		206CC37F2B6DB51F002D0511 /* Berry.entitlements */ = {isa = PBXFileReference; lastKnownFileType = text.plist.entitlements; path = Berry.entitlements; sourceTree = "<group>"; };
		206CC3812B6DB51F002D0511 /* Preview Assets.xcassets */ = {isa = PBXFileReference; lastKnownFileType = folder.assetcatalog; path = "Preview Assets.xcassets"; sourceTree = "<group>"; };
		206CC3872B6DB51F002D0511 /* BerryTests.xctest */ = {isa = PBXFileReference; explicitFileType = wrapper.cfbundle; includeInIndex = 0; path = BerryTests.xctest; sourceTree = BUILT_PRODUCTS_DIR; };
		206CC38B2B6DB51F002D0511 /* BerryTests.swift */ = {isa = PBXFileReference; lastKnownFileType = sourcecode.swift; path = BerryTests.swift; sourceTree = "<group>"; };
		206CC3912B6DB51F002D0511 /* BerryUITests.xctest */ = {isa = PBXFileReference; explicitFileType = wrapper.cfbundle; includeInIndex = 0; path = BerryUITests.xctest; sourceTree = BUILT_PRODUCTS_DIR; };
		206CC3952B6DB51F002D0511 /* BerryUITests.swift */ = {isa = PBXFileReference; lastKnownFileType = sourcecode.swift; path = BerryUITests.swift; sourceTree = "<group>"; };
		206CC3972B6DB51F002D0511 /* BerryUITestsLaunchTests.swift */ = {isa = PBXFileReference; lastKnownFileType = sourcecode.swift; path = BerryUITestsLaunchTests.swift; sourceTree = "<group>"; };
		206CC3A72B704222002D0511 /* TicketsListView.swift */ = {isa = PBXFileReference; lastKnownFileType = sourcecode.swift; path = TicketsListView.swift; sourceTree = "<group>"; };
		206CC3AA2B704838002D0511 /* ScannerView.swift */ = {isa = PBXFileReference; lastKnownFileType = sourcecode.swift; path = ScannerView.swift; sourceTree = "<group>"; };
		206CC3AC2B704EE3002D0511 /* ScannerViewModel.swift */ = {isa = PBXFileReference; lastKnownFileType = sourcecode.swift; path = ScannerViewModel.swift; sourceTree = "<group>"; };
		206CC3AF2B7052CB002D0511 /* Ticket.swift */ = {isa = PBXFileReference; lastKnownFileType = sourcecode.swift; path = Ticket.swift; sourceTree = "<group>"; };
		206CC3B52B70582A002D0511 /* TicketItems+Recognizer.swift */ = {isa = PBXFileReference; lastKnownFileType = sourcecode.swift; path = "TicketItems+Recognizer.swift"; sourceTree = "<group>"; };
		206CC3B72B70639F002D0511 /* TicketItems.swift */ = {isa = PBXFileReference; lastKnownFileType = sourcecode.swift; path = TicketItems.swift; sourceTree = "<group>"; };
		206CC3B92B706462002D0511 /* TicketItems+Analyser.swift */ = {isa = PBXFileReference; lastKnownFileType = sourcecode.swift; path = "TicketItems+Analyser.swift"; sourceTree = "<group>"; };
		206CC3BC2B719798002D0511 /* ResultsView.swift */ = {isa = PBXFileReference; lastKnownFileType = sourcecode.swift; path = ResultsView.swift; sourceTree = "<group>"; };
/* End PBXFileReference section */

/* Begin PBXFrameworksBuildPhase section */
		206CC3732B6DB51E002D0511 /* Frameworks */ = {
			isa = PBXFrameworksBuildPhase;
			buildActionMask = 2147483647;
			files = (
			);
			runOnlyForDeploymentPostprocessing = 0;
		};
		206CC3842B6DB51F002D0511 /* Frameworks */ = {
			isa = PBXFrameworksBuildPhase;
			buildActionMask = 2147483647;
			files = (
			);
			runOnlyForDeploymentPostprocessing = 0;
		};
		206CC38E2B6DB51F002D0511 /* Frameworks */ = {
			isa = PBXFrameworksBuildPhase;
			buildActionMask = 2147483647;
			files = (
			);
			runOnlyForDeploymentPostprocessing = 0;
		};
/* End PBXFrameworksBuildPhase section */

/* Begin PBXGroup section */
		206CC36D2B6DB51E002D0511 = {
			isa = PBXGroup;
			children = (
				206CC3782B6DB51E002D0511 /* Berry */,
				206CC38A2B6DB51F002D0511 /* BerryTests */,
				206CC3942B6DB51F002D0511 /* BerryUITests */,
				206CC3772B6DB51E002D0511 /* Products */,
			);
			sourceTree = "<group>";
		};
		206CC3772B6DB51E002D0511 /* Products */ = {
			isa = PBXGroup;
			children = (
				206CC3762B6DB51E002D0511 /* Berry.app */,
				206CC3872B6DB51F002D0511 /* BerryTests.xctest */,
				206CC3912B6DB51F002D0511 /* BerryUITests.xctest */,
			);
			name = Products;
			sourceTree = "<group>";
		};
		206CC3782B6DB51E002D0511 /* Berry */ = {
			isa = PBXGroup;
			children = (
				206CC3A42B7041DF002D0511 /* Clean */,
				206CC3792B6DB51E002D0511 /* BerryApp.swift */,
				206CC37B2B6DB51E002D0511 /* ContentView.swift */,
				206CC37D2B6DB51F002D0511 /* Assets.xcassets */,
				206CC37F2B6DB51F002D0511 /* Berry.entitlements */,
				206CC3802B6DB51F002D0511 /* Preview Content */,
			);
			path = Berry;
			sourceTree = "<group>";
		};
		206CC3802B6DB51F002D0511 /* Preview Content */ = {
			isa = PBXGroup;
			children = (
				206CC3812B6DB51F002D0511 /* Preview Assets.xcassets */,
			);
			path = "Preview Content";
			sourceTree = "<group>";
		};
		206CC38A2B6DB51F002D0511 /* BerryTests */ = {
			isa = PBXGroup;
			children = (
				206CC38B2B6DB51F002D0511 /* BerryTests.swift */,
			);
			path = BerryTests;
			sourceTree = "<group>";
		};
		206CC3942B6DB51F002D0511 /* BerryUITests */ = {
			isa = PBXGroup;
			children = (
				206CC3952B6DB51F002D0511 /* BerryUITests.swift */,
				206CC3972B6DB51F002D0511 /* BerryUITestsLaunchTests.swift */,
			);
			path = BerryUITests;
			sourceTree = "<group>";
		};
		206CC3A42B7041DF002D0511 /* Clean */ = {
			isa = PBXGroup;
			children = (
				206CC3B12B7054D6002D0511 /* Domain */,
				206CC3A52B7041EE002D0511 /* Presentation */,
			);
			path = Clean;
			sourceTree = "<group>";
		};
		206CC3A52B7041EE002D0511 /* Presentation */ = {
			isa = PBXGroup;
			children = (
				206CC3A62B7041F8002D0511 /* Tickets */,
			);
			path = Presentation;
			sourceTree = "<group>";
		};
		206CC3A62B7041F8002D0511 /* Tickets */ = {
			isa = PBXGroup;
			children = (
				206CC3A92B704829002D0511 /* Scanner */,
				206CC3A72B704222002D0511 /* TicketsListView.swift */,
			);
			path = Tickets;
			sourceTree = "<group>";
		};
		206CC3A92B704829002D0511 /* Scanner */ = {
			isa = PBXGroup;
			children = (
				206CC3AA2B704838002D0511 /* ScannerView.swift */,
				206CC3AC2B704EE3002D0511 /* ScannerViewModel.swift */,
				206CC3BB2B7194B3002D0511 /* Results */,
				206CC3B42B70580F002D0511 /* TicketItemsRecognizer */,
			);
			path = Scanner;
			sourceTree = "<group>";
		};
		206CC3B12B7054D6002D0511 /* Domain */ = {
			isa = PBXGroup;
			children = (
				206CC3B22B7054DE002D0511 /* Tickets */,
			);
			path = Domain;
			sourceTree = "<group>";
		};
		206CC3B22B7054DE002D0511 /* Tickets */ = {
			isa = PBXGroup;
			children = (
				206CC3B32B7054E6002D0511 /* Model */,
			);
			path = Tickets;
			sourceTree = "<group>";
		};
		206CC3B32B7054E6002D0511 /* Model */ = {
			isa = PBXGroup;
			children = (
				206CC3AF2B7052CB002D0511 /* Ticket.swift */,
			);
			path = Model;
			sourceTree = "<group>";
		};
		206CC3B42B70580F002D0511 /* TicketItemsRecognizer */ = {
			isa = PBXGroup;
			children = (
				206CC3B72B70639F002D0511 /* TicketItems.swift */,
				206CC3B92B706462002D0511 /* TicketItems+Analyser.swift */,
				206CC3B52B70582A002D0511 /* TicketItems+Recognizer.swift */,
			);
			path = TicketItemsRecognizer;
			sourceTree = "<group>";
		};
		206CC3BB2B7194B3002D0511 /* Results */ = {
			isa = PBXGroup;
			children = (
				206CC3BC2B719798002D0511 /* ResultsView.swift */,
			);
			path = Results;
			sourceTree = "<group>";
		};
/* End PBXGroup section */

/* Begin PBXNativeTarget section */
		206CC3752B6DB51E002D0511 /* Berry */ = {
			isa = PBXNativeTarget;
			buildConfigurationList = 206CC39B2B6DB51F002D0511 /* Build configuration list for PBXNativeTarget "Berry" */;
			buildPhases = (
				206CC3722B6DB51E002D0511 /* Sources */,
				206CC3732B6DB51E002D0511 /* Frameworks */,
				206CC3742B6DB51E002D0511 /* Resources */,
			);
			buildRules = (
			);
			dependencies = (
			);
			name = Berry;
			productName = Berry;
			productReference = 206CC3762B6DB51E002D0511 /* Berry.app */;
			productType = "com.apple.product-type.application";
		};
		206CC3862B6DB51F002D0511 /* BerryTests */ = {
			isa = PBXNativeTarget;
			buildConfigurationList = 206CC39E2B6DB51F002D0511 /* Build configuration list for PBXNativeTarget "BerryTests" */;
			buildPhases = (
				206CC3832B6DB51F002D0511 /* Sources */,
				206CC3842B6DB51F002D0511 /* Frameworks */,
				206CC3852B6DB51F002D0511 /* Resources */,
			);
			buildRules = (
			);
			dependencies = (
				206CC3892B6DB51F002D0511 /* PBXTargetDependency */,
			);
			name = BerryTests;
			productName = BerryTests;
			productReference = 206CC3872B6DB51F002D0511 /* BerryTests.xctest */;
			productType = "com.apple.product-type.bundle.unit-test";
		};
		206CC3902B6DB51F002D0511 /* BerryUITests */ = {
			isa = PBXNativeTarget;
			buildConfigurationList = 206CC3A12B6DB51F002D0511 /* Build configuration list for PBXNativeTarget "BerryUITests" */;
			buildPhases = (
				206CC38D2B6DB51F002D0511 /* Sources */,
				206CC38E2B6DB51F002D0511 /* Frameworks */,
				206CC38F2B6DB51F002D0511 /* Resources */,
			);
			buildRules = (
			);
			dependencies = (
				206CC3932B6DB51F002D0511 /* PBXTargetDependency */,
			);
			name = BerryUITests;
			productName = BerryUITests;
			productReference = 206CC3912B6DB51F002D0511 /* BerryUITests.xctest */;
			productType = "com.apple.product-type.bundle.ui-testing";
		};
/* End PBXNativeTarget section */

/* Begin PBXProject section */
		206CC36E2B6DB51E002D0511 /* Project object */ = {
			isa = PBXProject;
			attributes = {
				BuildIndependentTargetsInParallel = 1;
				LastSwiftUpdateCheck = 1510;
				LastUpgradeCheck = 1510;
				TargetAttributes = {
					206CC3752B6DB51E002D0511 = {
						CreatedOnToolsVersion = 15.1;
					};
					206CC3862B6DB51F002D0511 = {
						CreatedOnToolsVersion = 15.1;
						TestTargetID = 206CC3752B6DB51E002D0511;
					};
					206CC3902B6DB51F002D0511 = {
						CreatedOnToolsVersion = 15.1;
						TestTargetID = 206CC3752B6DB51E002D0511;
					};
				};
			};
			buildConfigurationList = 206CC3712B6DB51E002D0511 /* Build configuration list for PBXProject "Berry" */;
			compatibilityVersion = "Xcode 14.0";
			developmentRegion = en;
			hasScannedForEncodings = 0;
			knownRegions = (
				en,
				Base,
			);
			mainGroup = 206CC36D2B6DB51E002D0511;
			productRefGroup = 206CC3772B6DB51E002D0511 /* Products */;
			projectDirPath = "";
			projectRoot = "";
			targets = (
				206CC3752B6DB51E002D0511 /* Berry */,
				206CC3862B6DB51F002D0511 /* BerryTests */,
				206CC3902B6DB51F002D0511 /* BerryUITests */,
			);
		};
/* End PBXProject section */

/* Begin PBXResourcesBuildPhase section */
		206CC3742B6DB51E002D0511 /* Resources */ = {
			isa = PBXResourcesBuildPhase;
			buildActionMask = 2147483647;
			files = (
				206CC3822B6DB51F002D0511 /* Preview Assets.xcassets in Resources */,
				206CC37E2B6DB51F002D0511 /* Assets.xcassets in Resources */,
			);
			runOnlyForDeploymentPostprocessing = 0;
		};
		206CC3852B6DB51F002D0511 /* Resources */ = {
			isa = PBXResourcesBuildPhase;
			buildActionMask = 2147483647;
			files = (
			);
			runOnlyForDeploymentPostprocessing = 0;
		};
		206CC38F2B6DB51F002D0511 /* Resources */ = {
			isa = PBXResourcesBuildPhase;
			buildActionMask = 2147483647;
			files = (
			);
			runOnlyForDeploymentPostprocessing = 0;
		};
/* End PBXResourcesBuildPhase section */

/* Begin PBXSourcesBuildPhase section */
		206CC3722B6DB51E002D0511 /* Sources */ = {
			isa = PBXSourcesBuildPhase;
			buildActionMask = 2147483647;
			files = (
				206CC3AD2B704EE3002D0511 /* ScannerViewModel.swift in Sources */,
				206CC37C2B6DB51E002D0511 /* ContentView.swift in Sources */,
				206CC3B82B70639F002D0511 /* TicketItems.swift in Sources */,
				206CC3BD2B719798002D0511 /* ResultsView.swift in Sources */,
				206CC3BA2B706462002D0511 /* TicketItems+Analyser.swift in Sources */,
				206CC3AB2B704838002D0511 /* ScannerView.swift in Sources */,
				206CC3A82B704222002D0511 /* TicketsListView.swift in Sources */,
				206CC37A2B6DB51E002D0511 /* BerryApp.swift in Sources */,
				206CC3B62B70582A002D0511 /* TicketItems+Recognizer.swift in Sources */,
				206CC3B02B7052CB002D0511 /* Ticket.swift in Sources */,
			);
			runOnlyForDeploymentPostprocessing = 0;
		};
		206CC3832B6DB51F002D0511 /* Sources */ = {
			isa = PBXSourcesBuildPhase;
			buildActionMask = 2147483647;
			files = (
				206CC38C2B6DB51F002D0511 /* BerryTests.swift in Sources */,
			);
			runOnlyForDeploymentPostprocessing = 0;
		};
		206CC38D2B6DB51F002D0511 /* Sources */ = {
			isa = PBXSourcesBuildPhase;
			buildActionMask = 2147483647;
			files = (
				206CC3962B6DB51F002D0511 /* BerryUITests.swift in Sources */,
				206CC3982B6DB51F002D0511 /* BerryUITestsLaunchTests.swift in Sources */,
			);
			runOnlyForDeploymentPostprocessing = 0;
		};
/* End PBXSourcesBuildPhase section */

/* Begin PBXTargetDependency section */
		206CC3892B6DB51F002D0511 /* PBXTargetDependency */ = {
			isa = PBXTargetDependency;
			target = 206CC3752B6DB51E002D0511 /* Berry */;
			targetProxy = 206CC3882B6DB51F002D0511 /* PBXContainerItemProxy */;
		};
		206CC3932B6DB51F002D0511 /* PBXTargetDependency */ = {
			isa = PBXTargetDependency;
			target = 206CC3752B6DB51E002D0511 /* Berry */;
			targetProxy = 206CC3922B6DB51F002D0511 /* PBXContainerItemProxy */;
		};
/* End PBXTargetDependency section */

/* Begin XCBuildConfiguration section */
		206CC3992B6DB51F002D0511 /* Debug */ = {
			isa = XCBuildConfiguration;
			buildSettings = {
				ALWAYS_SEARCH_USER_PATHS = NO;
				ASSETCATALOG_COMPILER_GENERATE_SWIFT_ASSET_SYMBOL_EXTENSIONS = YES;
				CLANG_ANALYZER_NONNULL = YES;
				CLANG_ANALYZER_NUMBER_OBJECT_CONVERSION = YES_AGGRESSIVE;
				CLANG_CXX_LANGUAGE_STANDARD = "gnu++20";
				CLANG_ENABLE_MODULES = YES;
				CLANG_ENABLE_OBJC_ARC = YES;
				CLANG_ENABLE_OBJC_WEAK = YES;
				CLANG_WARN_BLOCK_CAPTURE_AUTORELEASING = YES;
				CLANG_WARN_BOOL_CONVERSION = YES;
				CLANG_WARN_COMMA = YES;
				CLANG_WARN_CONSTANT_CONVERSION = YES;
				CLANG_WARN_DEPRECATED_OBJC_IMPLEMENTATIONS = YES;
				CLANG_WARN_DIRECT_OBJC_ISA_USAGE = YES_ERROR;
				CLANG_WARN_DOCUMENTATION_COMMENTS = YES;
				CLANG_WARN_EMPTY_BODY = YES;
				CLANG_WARN_ENUM_CONVERSION = YES;
				CLANG_WARN_INFINITE_RECURSION = YES;
				CLANG_WARN_INT_CONVERSION = YES;
				CLANG_WARN_NON_LITERAL_NULL_CONVERSION = YES;
				CLANG_WARN_OBJC_IMPLICIT_RETAIN_SELF = YES;
				CLANG_WARN_OBJC_LITERAL_CONVERSION = YES;
				CLANG_WARN_OBJC_ROOT_CLASS = YES_ERROR;
				CLANG_WARN_QUOTED_INCLUDE_IN_FRAMEWORK_HEADER = YES;
				CLANG_WARN_RANGE_LOOP_ANALYSIS = YES;
				CLANG_WARN_STRICT_PROTOTYPES = YES;
				CLANG_WARN_SUSPICIOUS_MOVE = YES;
				CLANG_WARN_UNGUARDED_AVAILABILITY = YES_AGGRESSIVE;
				CLANG_WARN_UNREACHABLE_CODE = YES;
				CLANG_WARN__DUPLICATE_METHOD_MATCH = YES;
				COPY_PHASE_STRIP = NO;
				DEBUG_INFORMATION_FORMAT = dwarf;
				ENABLE_STRICT_OBJC_MSGSEND = YES;
				ENABLE_TESTABILITY = YES;
				ENABLE_USER_SCRIPT_SANDBOXING = YES;
				GCC_C_LANGUAGE_STANDARD = gnu17;
				GCC_DYNAMIC_NO_PIC = NO;
				GCC_NO_COMMON_BLOCKS = YES;
				GCC_OPTIMIZATION_LEVEL = 0;
				GCC_PREPROCESSOR_DEFINITIONS = (
					"DEBUG=1",
					"$(inherited)",
				);
				GCC_WARN_64_TO_32_BIT_CONVERSION = YES;
				GCC_WARN_ABOUT_RETURN_TYPE = YES_ERROR;
				GCC_WARN_UNDECLARED_SELECTOR = YES;
				GCC_WARN_UNINITIALIZED_AUTOS = YES_AGGRESSIVE;
				GCC_WARN_UNUSED_FUNCTION = YES;
				GCC_WARN_UNUSED_VARIABLE = YES;
				LOCALIZATION_PREFERS_STRING_CATALOGS = YES;
				MTL_ENABLE_DEBUG_INFO = INCLUDE_SOURCE;
				MTL_FAST_MATH = YES;
				ONLY_ACTIVE_ARCH = YES;
				SWIFT_ACTIVE_COMPILATION_CONDITIONS = "DEBUG $(inherited)";
				SWIFT_OPTIMIZATION_LEVEL = "-Onone";
			};
			name = Debug;
		};
		206CC39A2B6DB51F002D0511 /* Release */ = {
			isa = XCBuildConfiguration;
			buildSettings = {
				ALWAYS_SEARCH_USER_PATHS = NO;
				ASSETCATALOG_COMPILER_GENERATE_SWIFT_ASSET_SYMBOL_EXTENSIONS = YES;
				CLANG_ANALYZER_NONNULL = YES;
				CLANG_ANALYZER_NUMBER_OBJECT_CONVERSION = YES_AGGRESSIVE;
				CLANG_CXX_LANGUAGE_STANDARD = "gnu++20";
				CLANG_ENABLE_MODULES = YES;
				CLANG_ENABLE_OBJC_ARC = YES;
				CLANG_ENABLE_OBJC_WEAK = YES;
				CLANG_WARN_BLOCK_CAPTURE_AUTORELEASING = YES;
				CLANG_WARN_BOOL_CONVERSION = YES;
				CLANG_WARN_COMMA = YES;
				CLANG_WARN_CONSTANT_CONVERSION = YES;
				CLANG_WARN_DEPRECATED_OBJC_IMPLEMENTATIONS = YES;
				CLANG_WARN_DIRECT_OBJC_ISA_USAGE = YES_ERROR;
				CLANG_WARN_DOCUMENTATION_COMMENTS = YES;
				CLANG_WARN_EMPTY_BODY = YES;
				CLANG_WARN_ENUM_CONVERSION = YES;
				CLANG_WARN_INFINITE_RECURSION = YES;
				CLANG_WARN_INT_CONVERSION = YES;
				CLANG_WARN_NON_LITERAL_NULL_CONVERSION = YES;
				CLANG_WARN_OBJC_IMPLICIT_RETAIN_SELF = YES;
				CLANG_WARN_OBJC_LITERAL_CONVERSION = YES;
				CLANG_WARN_OBJC_ROOT_CLASS = YES_ERROR;
				CLANG_WARN_QUOTED_INCLUDE_IN_FRAMEWORK_HEADER = YES;
				CLANG_WARN_RANGE_LOOP_ANALYSIS = YES;
				CLANG_WARN_STRICT_PROTOTYPES = YES;
				CLANG_WARN_SUSPICIOUS_MOVE = YES;
				CLANG_WARN_UNGUARDED_AVAILABILITY = YES_AGGRESSIVE;
				CLANG_WARN_UNREACHABLE_CODE = YES;
				CLANG_WARN__DUPLICATE_METHOD_MATCH = YES;
				COPY_PHASE_STRIP = NO;
				DEBUG_INFORMATION_FORMAT = "dwarf-with-dsym";
				ENABLE_NS_ASSERTIONS = NO;
				ENABLE_STRICT_OBJC_MSGSEND = YES;
				ENABLE_USER_SCRIPT_SANDBOXING = YES;
				GCC_C_LANGUAGE_STANDARD = gnu17;
				GCC_NO_COMMON_BLOCKS = YES;
				GCC_WARN_64_TO_32_BIT_CONVERSION = YES;
				GCC_WARN_ABOUT_RETURN_TYPE = YES_ERROR;
				GCC_WARN_UNDECLARED_SELECTOR = YES;
				GCC_WARN_UNINITIALIZED_AUTOS = YES_AGGRESSIVE;
				GCC_WARN_UNUSED_FUNCTION = YES;
				GCC_WARN_UNUSED_VARIABLE = YES;
				LOCALIZATION_PREFERS_STRING_CATALOGS = YES;
				MTL_ENABLE_DEBUG_INFO = NO;
				MTL_FAST_MATH = YES;
				SWIFT_COMPILATION_MODE = wholemodule;
			};
			name = Release;
		};
		206CC39C2B6DB51F002D0511 /* Debug */ = {
			isa = XCBuildConfiguration;
			buildSettings = {
				ASSETCATALOG_COMPILER_APPICON_NAME = AppIcon;
				ASSETCATALOG_COMPILER_GLOBAL_ACCENT_COLOR_NAME = AccentColor;
				CODE_SIGN_ENTITLEMENTS = Berry/Berry.entitlements;
				CODE_SIGN_STYLE = Automatic;
				CURRENT_PROJECT_VERSION = 1;
				DEVELOPMENT_ASSET_PATHS = "\"Berry/Preview Content\"";
				DEVELOPMENT_TEAM = 7388M238KP;
				ENABLE_HARDENED_RUNTIME = YES;
				ENABLE_PREVIEWS = YES;
				GENERATE_INFOPLIST_FILE = YES;
				"INFOPLIST_KEY_UIApplicationSceneManifest_Generation[sdk=iphoneos*]" = YES;
				"INFOPLIST_KEY_UIApplicationSceneManifest_Generation[sdk=iphonesimulator*]" = YES;
				"INFOPLIST_KEY_UIApplicationSupportsIndirectInputEvents[sdk=iphoneos*]" = YES;
				"INFOPLIST_KEY_UIApplicationSupportsIndirectInputEvents[sdk=iphonesimulator*]" = YES;
				"INFOPLIST_KEY_UILaunchScreen_Generation[sdk=iphoneos*]" = YES;
				"INFOPLIST_KEY_UILaunchScreen_Generation[sdk=iphonesimulator*]" = YES;
				"INFOPLIST_KEY_UIStatusBarStyle[sdk=iphoneos*]" = UIStatusBarStyleDefault;
				"INFOPLIST_KEY_UIStatusBarStyle[sdk=iphonesimulator*]" = UIStatusBarStyleDefault;
				INFOPLIST_KEY_UISupportedInterfaceOrientations_iPad = "UIInterfaceOrientationPortrait UIInterfaceOrientationPortraitUpsideDown UIInterfaceOrientationLandscapeLeft UIInterfaceOrientationLandscapeRight";
				INFOPLIST_KEY_UISupportedInterfaceOrientations_iPhone = "UIInterfaceOrientationPortrait UIInterfaceOrientationLandscapeLeft UIInterfaceOrientationLandscapeRight";
				IPHONEOS_DEPLOYMENT_TARGET = 17.2;
				LD_RUNPATH_SEARCH_PATHS = "@executable_path/Frameworks";
				"LD_RUNPATH_SEARCH_PATHS[sdk=macosx*]" = "@executable_path/../Frameworks";
				MACOSX_DEPLOYMENT_TARGET = 14.2;
				MARKETING_VERSION = 1.0;
				PRODUCT_BUNDLE_IDENTIFIER = com.ctr117.Berry;
				PRODUCT_NAME = "$(TARGET_NAME)";
				SDKROOT = auto;
				SUPPORTED_PLATFORMS = "iphoneos iphonesimulator macosx";
				SWIFT_EMIT_LOC_STRINGS = YES;
				SWIFT_VERSION = 5.0;
				TARGETED_DEVICE_FAMILY = "1,2";
			};
			name = Debug;
		};
		206CC39D2B6DB51F002D0511 /* Release */ = {
			isa = XCBuildConfiguration;
			buildSettings = {
				ASSETCATALOG_COMPILER_APPICON_NAME = AppIcon;
				ASSETCATALOG_COMPILER_GLOBAL_ACCENT_COLOR_NAME = AccentColor;
				CODE_SIGN_ENTITLEMENTS = Berry/Berry.entitlements;
				CODE_SIGN_STYLE = Automatic;
				CURRENT_PROJECT_VERSION = 1;
				DEVELOPMENT_ASSET_PATHS = "\"Berry/Preview Content\"";
				DEVELOPMENT_TEAM = 7388M238KP;
				ENABLE_HARDENED_RUNTIME = YES;
				ENABLE_PREVIEWS = YES;
				GENERATE_INFOPLIST_FILE = YES;
				"INFOPLIST_KEY_UIApplicationSceneManifest_Generation[sdk=iphoneos*]" = YES;
				"INFOPLIST_KEY_UIApplicationSceneManifest_Generation[sdk=iphonesimulator*]" = YES;
				"INFOPLIST_KEY_UIApplicationSupportsIndirectInputEvents[sdk=iphoneos*]" = YES;
				"INFOPLIST_KEY_UIApplicationSupportsIndirectInputEvents[sdk=iphonesimulator*]" = YES;
				"INFOPLIST_KEY_UILaunchScreen_Generation[sdk=iphoneos*]" = YES;
				"INFOPLIST_KEY_UILaunchScreen_Generation[sdk=iphonesimulator*]" = YES;
				"INFOPLIST_KEY_UIStatusBarStyle[sdk=iphoneos*]" = UIStatusBarStyleDefault;
				"INFOPLIST_KEY_UIStatusBarStyle[sdk=iphonesimulator*]" = UIStatusBarStyleDefault;
				INFOPLIST_KEY_UISupportedInterfaceOrientations_iPad = "UIInterfaceOrientationPortrait UIInterfaceOrientationPortraitUpsideDown UIInterfaceOrientationLandscapeLeft UIInterfaceOrientationLandscapeRight";
				INFOPLIST_KEY_UISupportedInterfaceOrientations_iPhone = "UIInterfaceOrientationPortrait UIInterfaceOrientationLandscapeLeft UIInterfaceOrientationLandscapeRight";
				IPHONEOS_DEPLOYMENT_TARGET = 17.2;
				LD_RUNPATH_SEARCH_PATHS = "@executable_path/Frameworks";
				"LD_RUNPATH_SEARCH_PATHS[sdk=macosx*]" = "@executable_path/../Frameworks";
				MACOSX_DEPLOYMENT_TARGET = 14.2;
				MARKETING_VERSION = 1.0;
				PRODUCT_BUNDLE_IDENTIFIER = com.ctr117.Berry;
				PRODUCT_NAME = "$(TARGET_NAME)";
				SDKROOT = auto;
				SUPPORTED_PLATFORMS = "iphoneos iphonesimulator macosx";
				SWIFT_EMIT_LOC_STRINGS = YES;
				SWIFT_VERSION = 5.0;
				TARGETED_DEVICE_FAMILY = "1,2";
			};
			name = Release;
		};
		206CC39F2B6DB51F002D0511 /* Debug */ = {
			isa = XCBuildConfiguration;
			buildSettings = {
				ALWAYS_EMBED_SWIFT_STANDARD_LIBRARIES = YES;
				BUNDLE_LOADER = "$(TEST_HOST)";
				CODE_SIGN_STYLE = Automatic;
				CURRENT_PROJECT_VERSION = 1;
				DEVELOPMENT_TEAM = 7388M238KP;
				GENERATE_INFOPLIST_FILE = YES;
				IPHONEOS_DEPLOYMENT_TARGET = 17.2;
				MACOSX_DEPLOYMENT_TARGET = 14.2;
				MARKETING_VERSION = 1.0;
				PRODUCT_BUNDLE_IDENTIFIER = com.ctr117.BerryTests;
				PRODUCT_NAME = "$(TARGET_NAME)";
				SDKROOT = auto;
				SUPPORTED_PLATFORMS = "iphoneos iphonesimulator macosx";
				SWIFT_EMIT_LOC_STRINGS = NO;
				SWIFT_VERSION = 5.0;
				TARGETED_DEVICE_FAMILY = "1,2";
				TEST_HOST = "$(BUILT_PRODUCTS_DIR)/Berry.app/$(BUNDLE_EXECUTABLE_FOLDER_PATH)/Berry";
			};
			name = Debug;
		};
		206CC3A02B6DB51F002D0511 /* Release */ = {
			isa = XCBuildConfiguration;
			buildSettings = {
				ALWAYS_EMBED_SWIFT_STANDARD_LIBRARIES = YES;
				BUNDLE_LOADER = "$(TEST_HOST)";
				CODE_SIGN_STYLE = Automatic;
				CURRENT_PROJECT_VERSION = 1;
				DEVELOPMENT_TEAM = 7388M238KP;
				GENERATE_INFOPLIST_FILE = YES;
				IPHONEOS_DEPLOYMENT_TARGET = 17.2;
				MACOSX_DEPLOYMENT_TARGET = 14.2;
				MARKETING_VERSION = 1.0;
				PRODUCT_BUNDLE_IDENTIFIER = com.ctr117.BerryTests;
				PRODUCT_NAME = "$(TARGET_NAME)";
				SDKROOT = auto;
				SUPPORTED_PLATFORMS = "iphoneos iphonesimulator macosx";
				SWIFT_EMIT_LOC_STRINGS = NO;
				SWIFT_VERSION = 5.0;
				TARGETED_DEVICE_FAMILY = "1,2";
				TEST_HOST = "$(BUILT_PRODUCTS_DIR)/Berry.app/$(BUNDLE_EXECUTABLE_FOLDER_PATH)/Berry";
			};
			name = Release;
		};
		206CC3A22B6DB51F002D0511 /* Debug */ = {
			isa = XCBuildConfiguration;
			buildSettings = {
				ALWAYS_EMBED_SWIFT_STANDARD_LIBRARIES = YES;
				CODE_SIGN_STYLE = Automatic;
				CURRENT_PROJECT_VERSION = 1;
				DEVELOPMENT_TEAM = 7388M238KP;
				GENERATE_INFOPLIST_FILE = YES;
				IPHONEOS_DEPLOYMENT_TARGET = 17.2;
				MACOSX_DEPLOYMENT_TARGET = 14.2;
				MARKETING_VERSION = 1.0;
				PRODUCT_BUNDLE_IDENTIFIER = com.ctr117.BerryUITests;
				PRODUCT_NAME = "$(TARGET_NAME)";
				SDKROOT = auto;
				SUPPORTED_PLATFORMS = "iphoneos iphonesimulator macosx";
				SWIFT_EMIT_LOC_STRINGS = NO;
				SWIFT_VERSION = 5.0;
				TARGETED_DEVICE_FAMILY = "1,2";
				TEST_TARGET_NAME = Berry;
			};
			name = Debug;
		};
		206CC3A32B6DB51F002D0511 /* Release */ = {
			isa = XCBuildConfiguration;
			buildSettings = {
				ALWAYS_EMBED_SWIFT_STANDARD_LIBRARIES = YES;
				CODE_SIGN_STYLE = Automatic;
				CURRENT_PROJECT_VERSION = 1;
				DEVELOPMENT_TEAM = 7388M238KP;
				GENERATE_INFOPLIST_FILE = YES;
				IPHONEOS_DEPLOYMENT_TARGET = 17.2;
				MACOSX_DEPLOYMENT_TARGET = 14.2;
				MARKETING_VERSION = 1.0;
				PRODUCT_BUNDLE_IDENTIFIER = com.ctr117.BerryUITests;
				PRODUCT_NAME = "$(TARGET_NAME)";
				SDKROOT = auto;
				SUPPORTED_PLATFORMS = "iphoneos iphonesimulator macosx";
				SWIFT_EMIT_LOC_STRINGS = NO;
				SWIFT_VERSION = 5.0;
				TARGETED_DEVICE_FAMILY = "1,2";
				TEST_TARGET_NAME = Berry;
			};
			name = Release;
		};
/* End XCBuildConfiguration section */

/* Begin XCConfigurationList section */
		206CC3712B6DB51E002D0511 /* Build configuration list for PBXProject "Berry" */ = {
			isa = XCConfigurationList;
			buildConfigurations = (
				206CC3992B6DB51F002D0511 /* Debug */,
				206CC39A2B6DB51F002D0511 /* Release */,
			);
			defaultConfigurationIsVisible = 0;
			defaultConfigurationName = Release;
		};
		206CC39B2B6DB51F002D0511 /* Build configuration list for PBXNativeTarget "Berry" */ = {
			isa = XCConfigurationList;
			buildConfigurations = (
				206CC39C2B6DB51F002D0511 /* Debug */,
				206CC39D2B6DB51F002D0511 /* Release */,
			);
			defaultConfigurationIsVisible = 0;
			defaultConfigurationName = Release;
		};
		206CC39E2B6DB51F002D0511 /* Build configuration list for PBXNativeTarget "BerryTests" */ = {
			isa = XCConfigurationList;
			buildConfigurations = (
				206CC39F2B6DB51F002D0511 /* Debug */,
				206CC3A02B6DB51F002D0511 /* Release */,
			);
			defaultConfigurationIsVisible = 0;
			defaultConfigurationName = Release;
		};
		206CC3A12B6DB51F002D0511 /* Build configuration list for PBXNativeTarget "BerryUITests" */ = {
			isa = XCConfigurationList;
			buildConfigurations = (
				206CC3A22B6DB51F002D0511 /* Debug */,
				206CC3A32B6DB51F002D0511 /* Release */,
			);
			defaultConfigurationIsVisible = 0;
			defaultConfigurationName = Release;
		};
/* End XCConfigurationList section */
	};
	rootObject = 206CC36E2B6DB51E002D0511 /* Project object */;
}
